
Microsoft Visual Studio Solution File, Format Version 12.00
# Visual Studio Version 17
VisualStudioVersion = 17.8.34408.163
MinimumVisualStudioVersion = 10.0.40219.1
Project("{9A19103F-16F7-4668-BE54-9A1E7A4F7556}") = "Powerfly.Abp.EventBus.Redis", "src\Powerfly.Abp.EventBus.Redis\Powerfly.Abp.EventBus.Redis.csproj", "{955018AB-3E4A-4FC4-8514-24736B2CAD51}"
EndProject
Project("{9A19103F-16F7-4668-BE54-9A1E7A4F7556}") = "Powerfly.Abp.Redis", "src\Powerfly.Abp.Redis\Powerfly.Abp.Redis.csproj", "{C11731D1-AEFF-4F62-9784-328FEB1B0E50}"
EndProject
Project("{2150E333-8FDC-42A3-9474-1A3956D46DE8}") = "test", "test", "{9D70A33F-FABE-483D-B943-78155056E285}"
EndProject
Project("{9A19103F-16F7-4668-BE54-9A1E7A4F7556}") = "Powerfly.Abp.EventBus.Tests.EventData", "test\Powerfly.Abp.EventBus.Tests.EventData\Powerfly.Abp.EventBus.Tests.EventData.csproj", "{E44B8E7C-4AF4-4199-9F3D-125BC2ED2C34}"
EndProject
Project("{9A19103F-16F7-4668-BE54-9A1E7A4F7556}") = "Powerfly.Abp.EventBus.Tests.Server", "test\Powerfly.Abp.EventBus.Tests.Server\Powerfly.Abp.EventBus.Tests.Server.csproj", "{7274F6CE-93BF-40B5-B45C-BA549851DFC2}"
EndProject
Project("{9A19103F-16F7-4668-BE54-9A1E7A4F7556}") = "Powerfly.Abp.EventBus.Tests.Client", "test\Powerfly.Abp.EventBus.Tests.Client\Powerfly.Abp.EventBus.Tests.Client.csproj", "{E64A61D3-DA0B-4E16-850B-CE38DA3D101E}"
EndProject
Project("{2150E333-8FDC-42A3-9474-1A3956D46DE8}") = "解决方案项", "解决方案项", "{BA441B10-2562-4183-BD5B-4EA08B82D537}"
	ProjectSection(SolutionItems) = preProject
		common.props = common.props
	EndProjectSection
EndProject
Global
	GlobalSection(SolutionConfigurationPlatforms) = preSolution
		Debug|Any CPU = Debug|Any CPU
		Release|Any CPU = Release|Any CPU
	EndGlobalSection
	GlobalSection(ProjectConfigurationPlatforms) = postSolution
		{955018AB-3E4A-4FC4-8514-24736B2CAD51}.Debug|Any CPU.ActiveCfg = Debug|Any CPU
		{955018AB-3E4A-4FC4-8514-24736B2CAD51}.Debug|Any CPU.Build.0 = Debug|Any CPU
		{955018AB-3E4A-4FC4-8514-24736B2CAD51}.Release|Any CPU.ActiveCfg = Release|Any CPU
		{955018AB-3E4A-4FC4-8514-24736B2CAD51}.Release|Any CPU.Build.0 = Release|Any CPU
		{C11731D1-AEFF-4F62-9784-328FEB1B0E50}.Debug|Any CPU.ActiveCfg = Debug|Any CPU
		{C11731D1-AEFF-4F62-9784-328FEB1B0E50}.Debug|Any CPU.Build.0 = Debug|Any CPU
		{C11731D1-AEFF-4F62-9784-328FEB1B0E50}.Release|Any CPU.ActiveCfg = Release|Any CPU
		{C11731D1-AEFF-4F62-9784-328FEB1B0E50}.Release|Any CPU.Build.0 = Release|Any CPU
		{E44B8E7C-4AF4-4199-9F3D-125BC2ED2C34}.Debug|Any CPU.ActiveCfg = Debug|Any CPU
		{E44B8E7C-4AF4-4199-9F3D-125BC2ED2C34}.Debug|Any CPU.Build.0 = Debug|Any CPU
		{E44B8E7C-4AF4-4199-9F3D-125BC2ED2C34}.Release|Any CPU.ActiveCfg = Release|Any CPU
		{E44B8E7C-4AF4-4199-9F3D-125BC2ED2C34}.Release|Any CPU.Build.0 = Release|Any CPU
		{7274F6CE-93BF-40B5-B45C-BA549851DFC2}.Debug|Any CPU.ActiveCfg = Debug|Any CPU
		{7274F6CE-93BF-40B5-B45C-BA549851DFC2}.Debug|Any CPU.Build.0 = Debug|Any CPU
		{7274F6CE-93BF-40B5-B45C-BA549851DFC2}.Release|Any CPU.ActiveCfg = Release|Any CPU
		{7274F6CE-93BF-40B5-B45C-BA549851DFC2}.Release|Any CPU.Build.0 = Release|Any CPU
		{E64A61D3-DA0B-4E16-850B-CE38DA3D101E}.Debug|Any CPU.ActiveCfg = Debug|Any CPU
		{E64A61D3-DA0B-4E16-850B-CE38DA3D101E}.Debug|Any CPU.Build.0 = Debug|Any CPU
		{E64A61D3-DA0B-4E16-850B-CE38DA3D101E}.Release|Any CPU.ActiveCfg = Release|Any CPU
		{E64A61D3-DA0B-4E16-850B-CE38DA3D101E}.Release|Any CPU.Build.0 = Release|Any CPU
	EndGlobalSection
	GlobalSection(SolutionProperties) = preSolution
		HideSolutionNode = FALSE
	EndGlobalSection
	GlobalSection(NestedProjects) = preSolution
		{E44B8E7C-4AF4-4199-9F3D-125BC2ED2C34} = {9D70A33F-FABE-483D-B943-78155056E285}
		{7274F6CE-93BF-40B5-B45C-BA549851DFC2} = {9D70A33F-FABE-483D-B943-78155056E285}
		{E64A61D3-DA0B-4E16-850B-CE38DA3D101E} = {9D70A33F-FABE-483D-B943-78155056E285}
	EndGlobalSection
	GlobalSection(ExtensibilityGlobals) = postSolution
		SolutionGuid = {2FD6141A-21A5-474C-9439-6E6FB9898208}
	EndGlobalSection
EndGlobal
